// !$*UTF8*$!
{
	archiveVersion = 1;
	classes = {
	};
	objectVersion = 50;
	objects = {

/* Begin PBXBuildFile section */
		668A2D9B22C3A77D00E9540F /* AppDelegate.swift in Sources */ = {isa = PBXBuildFile; fileRef = 668A2D9A22C3A77D00E9540F /* AppDelegate.swift */; };
		668A2D9D22C3A77D00E9540F /* ViewController.swift in Sources */ = {isa = PBXBuildFile; fileRef = 668A2D9C22C3A77D00E9540F /* ViewController.swift */; };
		668A2DA022C3A77D00E9540F /* Main.storyboard in Resources */ = {isa = PBXBuildFile; fileRef = 668A2D9E22C3A77D00E9540F /* Main.storyboard */; };
		668A2DA322C3A77D00E9540F /* ExerciceIOS.xcdatamodeld in Sources */ = {isa = PBXBuildFile; fileRef = 668A2DA122C3A77D00E9540F /* ExerciceIOS.xcdatamodeld */; };
		668A2DA522C3A77E00E9540F /* Assets.xcassets in Resources */ = {isa = PBXBuildFile; fileRef = 668A2DA422C3A77E00E9540F /* Assets.xcassets */; };
		668A2DA822C3A77E00E9540F /* LaunchScreen.storyboard in Resources */ = {isa = PBXBuildFile; fileRef = 668A2DA622C3A77E00E9540F /* LaunchScreen.storyboard */; };
		668A2DB322C3A77E00E9540F /* ExerciceIOSTests.swift in Sources */ = {isa = PBXBuildFile; fileRef = 668A2DB222C3A77E00E9540F /* ExerciceIOSTests.swift */; };
		668A2DBE22C3A77E00E9540F /* ExerciceIOSUITests.swift in Sources */ = {isa = PBXBuildFile; fileRef = 668A2DBD22C3A77E00E9540F /* ExerciceIOSUITests.swift */; };
/* End PBXBuildFile section */

/* Begin PBXContainerItemProxy section */
		668A2DAF22C3A77E00E9540F /* PBXContainerItemProxy */ = {
			isa = PBXContainerItemProxy;
			containerPortal = 668A2D8F22C3A77D00E9540F /* Project object */;
			proxyType = 1;
			remoteGlobalIDString = 668A2D9622C3A77D00E9540F;
			remoteInfo = ExerciceIOS;
		};
		668A2DBA22C3A77E00E9540F /* PBXContainerItemProxy */ = {
			isa = PBXContainerItemProxy;
			containerPortal = 668A2D8F22C3A77D00E9540F /* Project object */;
			proxyType = 1;
			remoteGlobalIDString = 668A2D9622C3A77D00E9540F;
			remoteInfo = ExerciceIOS;
		};
/* End PBXContainerItemProxy section */

/* Begin PBXFileReference section */
		668A2D9722C3A77D00E9540F /* ExerciceIOS.app */ = {isa = PBXFileReference; explicitFileType = wrapper.application; includeInIndex = 0; path = ExerciceIOS.app; sourceTree = BUILT_PRODUCTS_DIR; };
		668A2D9A22C3A77D00E9540F /* AppDelegate.swift */ = {isa = PBXFileReference; lastKnownFileType = sourcecode.swift; path = AppDelegate.swift; sourceTree = "<group>"; };
		668A2D9C22C3A77D00E9540F /* ViewController.swift */ = {isa = PBXFileReference; lastKnownFileType = sourcecode.swift; path = ViewController.swift; sourceTree = "<group>"; };
		668A2D9F22C3A77D00E9540F /* Base */ = {isa = PBXFileReference; lastKnownFileType = file.storyboard; name = Base; path = Base.lproj/Main.storyboard; sourceTree = "<group>"; };
		668A2DA222C3A77D00E9540F /* ExerciceIOS.xcdatamodel */ = {isa = PBXFileReference; lastKnownFileType = wrapper.xcdatamodel; path = ExerciceIOS.xcdatamodel; sourceTree = "<group>"; };
		668A2DA422C3A77E00E9540F /* Assets.xcassets */ = {isa = PBXFileReference; lastKnownFileType = folder.assetcatalog; path = Assets.xcassets; sourceTree = "<group>"; };
		668A2DA722C3A77E00E9540F /* Base */ = {isa = PBXFileReference; lastKnownFileType = file.storyboard; name = Base; path = Base.lproj/LaunchScreen.storyboard; sourceTree = "<group>"; };
		668A2DA922C3A77E00E9540F /* Info.plist */ = {isa = PBXFileReference; lastKnownFileType = text.plist.xml; path = Info.plist; sourceTree = "<group>"; };
		668A2DAE22C3A77E00E9540F /* ExerciceIOSTests.xctest */ = {isa = PBXFileReference; explicitFileType = wrapper.cfbundle; includeInIndex = 0; path = ExerciceIOSTests.xctest; sourceTree = BUILT_PRODUCTS_DIR; };
		668A2DB222C3A77E00E9540F /* ExerciceIOSTests.swift */ = {isa = PBXFileReference; lastKnownFileType = sourcecode.swift; path = ExerciceIOSTests.swift; sourceTree = "<group>"; };
		668A2DB422C3A77E00E9540F /* Info.plist */ = {isa = PBXFileReference; lastKnownFileType = text.plist.xml; path = Info.plist; sourceTree = "<group>"; };
		668A2DB922C3A77E00E9540F /* ExerciceIOSUITests.xctest */ = {isa = PBXFileReference; explicitFileType = wrapper.cfbundle; includeInIndex = 0; path = ExerciceIOSUITests.xctest; sourceTree = BUILT_PRODUCTS_DIR; };
		668A2DBD22C3A77E00E9540F /* ExerciceIOSUITests.swift */ = {isa = PBXFileReference; lastKnownFileType = sourcecode.swift; path = ExerciceIOSUITests.swift; sourceTree = "<group>"; };
		668A2DBF22C3A77E00E9540F /* Info.plist */ = {isa = PBXFileReference; lastKnownFileType = text.plist.xml; path = Info.plist; sourceTree = "<group>"; };
/* End PBXFileReference section */

/* Begin PBXFrameworksBuildPhase section */
		668A2D9422C3A77D00E9540F /* Frameworks */ = {
			isa = PBXFrameworksBuildPhase;
			buildActionMask = 2147483647;
			files = (
			);
			runOnlyForDeploymentPostprocessing = 0;
		};
		668A2DAB22C3A77E00E9540F /* Frameworks */ = {
			isa = PBXFrameworksBuildPhase;
			buildActionMask = 2147483647;
			files = (
			);
			runOnlyForDeploymentPostprocessing = 0;
		};
		668A2DB622C3A77E00E9540F /* Frameworks */ = {
			isa = PBXFrameworksBuildPhase;
			buildActionMask = 2147483647;
			files = (
			);
			runOnlyForDeploymentPostprocessing = 0;
		};
/* End PBXFrameworksBuildPhase section */

/* Begin PBXGroup section */
		668A2D8E22C3A77D00E9540F = {
			isa = PBXGroup;
			children = (
				668A2D9922C3A77D00E9540F /* ExerciceIOS */,
				668A2DB122C3A77E00E9540F /* ExerciceIOSTests */,
				668A2DBC22C3A77E00E9540F /* ExerciceIOSUITests */,
				668A2D9822C3A77D00E9540F /* Products */,
			);
			sourceTree = "<group>";
		};
		668A2D9822C3A77D00E9540F /* Products */ = {
			isa = PBXGroup;
			children = (
				668A2D9722C3A77D00E9540F /* ExerciceIOS.app */,
				668A2DAE22C3A77E00E9540F /* ExerciceIOSTests.xctest */,
				668A2DB922C3A77E00E9540F /* ExerciceIOSUITests.xctest */,
			);
			name = Products;
			sourceTree = "<group>";
		};
		668A2D9922C3A77D00E9540F /* ExerciceIOS */ = {
			isa = PBXGroup;
			children = (
				668A2D9A22C3A77D00E9540F /* AppDelegate.swift */,
				668A2D9C22C3A77D00E9540F /* ViewController.swift */,
				668A2D9E22C3A77D00E9540F /* Main.storyboard */,
				668A2DA422C3A77E00E9540F /* Assets.xcassets */,
				668A2DA622C3A77E00E9540F /* LaunchScreen.storyboard */,
				668A2DA922C3A77E00E9540F /* Info.plist */,
				668A2DA122C3A77D00E9540F /* ExerciceIOS.xcdatamodeld */,
			);
			path = ExerciceIOS;
			sourceTree = "<group>";
		};
		668A2DB122C3A77E00E9540F /* ExerciceIOSTests */ = {
			isa = PBXGroup;
			children = (
				668A2DB222C3A77E00E9540F /* ExerciceIOSTests.swift */,
				668A2DB422C3A77E00E9540F /* Info.plist */,
			);
			path = ExerciceIOSTests;
			sourceTree = "<group>";
		};
		668A2DBC22C3A77E00E9540F /* ExerciceIOSUITests */ = {
			isa = PBXGroup;
			children = (
				668A2DBD22C3A77E00E9540F /* ExerciceIOSUITests.swift */,
				668A2DBF22C3A77E00E9540F /* Info.plist */,
			);
			path = ExerciceIOSUITests;
			sourceTree = "<group>";
		};
/* End PBXGroup section */

/* Begin PBXNativeTarget section */
		668A2D9622C3A77D00E9540F /* ExerciceIOS */ = {
			isa = PBXNativeTarget;
			buildConfigurationList = 668A2DC222C3A77E00E9540F /* Build configuration list for PBXNativeTarget "ExerciceIOS" */;
			buildPhases = (
				668A2D9322C3A77D00E9540F /* Sources */,
				668A2D9422C3A77D00E9540F /* Frameworks */,
				668A2D9522C3A77D00E9540F /* Resources */,
			);
			buildRules = (
			);
			dependencies = (
			);
			name = ExerciceIOS;
			productName = ExerciceIOS;
			productReference = 668A2D9722C3A77D00E9540F /* ExerciceIOS.app */;
			productType = "com.apple.product-type.application";
		};
		668A2DAD22C3A77E00E9540F /* ExerciceIOSTests */ = {
			isa = PBXNativeTarget;
			buildConfigurationList = 668A2DC522C3A77E00E9540F /* Build configuration list for PBXNativeTarget "ExerciceIOSTests" */;
			buildPhases = (
				668A2DAA22C3A77E00E9540F /* Sources */,
				668A2DAB22C3A77E00E9540F /* Frameworks */,
				668A2DAC22C3A77E00E9540F /* Resources */,
			);
			buildRules = (
			);
			dependencies = (
				668A2DB022C3A77E00E9540F /* PBXTargetDependency */,
			);
			name = ExerciceIOSTests;
			productName = ExerciceIOSTests;
			productReference = 668A2DAE22C3A77E00E9540F /* ExerciceIOSTests.xctest */;
			productType = "com.apple.product-type.bundle.unit-test";
		};
		668A2DB822C3A77E00E9540F /* ExerciceIOSUITests */ = {
			isa = PBXNativeTarget;
			buildConfigurationList = 668A2DC822C3A77E00E9540F /* Build configuration list for PBXNativeTarget "ExerciceIOSUITests" */;
			buildPhases = (
				668A2DB522C3A77E00E9540F /* Sources */,
				668A2DB622C3A77E00E9540F /* Frameworks */,
				668A2DB722C3A77E00E9540F /* Resources */,
			);
			buildRules = (
			);
			dependencies = (
				668A2DBB22C3A77E00E9540F /* PBXTargetDependency */,
			);
			name = ExerciceIOSUITests;
			productName = ExerciceIOSUITests;
			productReference = 668A2DB922C3A77E00E9540F /* ExerciceIOSUITests.xctest */;
			productType = "com.apple.product-type.bundle.ui-testing";
		};
/* End PBXNativeTarget section */

/* Begin PBXProject section */
		668A2D8F22C3A77D00E9540F /* Project object */ = {
			isa = PBXProject;
			attributes = {
				LastSwiftUpdateCheck = 1020;
				LastUpgradeCheck = 1020;
				ORGANIZATIONNAME = "Lyes ATEK";
				TargetAttributes = {
					668A2D9622C3A77D00E9540F = {
						CreatedOnToolsVersion = 10.2.1;
					};
					668A2DAD22C3A77E00E9540F = {
						CreatedOnToolsVersion = 10.2.1;
						TestTargetID = 668A2D9622C3A77D00E9540F;
					};
					668A2DB822C3A77E00E9540F = {
						CreatedOnToolsVersion = 10.2.1;
						TestTargetID = 668A2D9622C3A77D00E9540F;
					};
				};
			};
			buildConfigurationList = 668A2D9222C3A77D00E9540F /* Build configuration list for PBXProject "ExerciceIOS" */;
			compatibilityVersion = "Xcode 9.3";
			developmentRegion = en;
			hasScannedForEncodings = 0;
			knownRegions = (
				en,
				Base,
			);
			mainGroup = 668A2D8E22C3A77D00E9540F;
			productRefGroup = 668A2D9822C3A77D00E9540F /* Products */;
			projectDirPath = "";
			projectRoot = "";
			targets = (
				668A2D9622C3A77D00E9540F /* ExerciceIOS */,
				668A2DAD22C3A77E00E9540F /* ExerciceIOSTests */,
				668A2DB822C3A77E00E9540F /* ExerciceIOSUITests */,
			);
		};
/* End PBXProject section */

/* Begin PBXResourcesBuildPhase section */
		668A2D9522C3A77D00E9540F /* Resources */ = {
			isa = PBXResourcesBuildPhase;
			buildActionMask = 2147483647;
			files = (
				668A2DA822C3A77E00E9540F /* LaunchScreen.storyboard in Resources */,
				668A2DA522C3A77E00E9540F /* Assets.xcassets in Resources */,
				668A2DA022C3A77D00E9540F /* Main.storyboard in Resources */,
			);
			runOnlyForDeploymentPostprocessing = 0;
		};
		668A2DAC22C3A77E00E9540F /* Resources */ = {
			isa = PBXResourcesBuildPhase;
			buildActionMask = 2147483647;
			files = (
			);
			runOnlyForDeploymentPostprocessing = 0;
		};
		668A2DB722C3A77E00E9540F /* Resources */ = {
			isa = PBXResourcesBuildPhase;
			buildActionMask = 2147483647;
			files = (
			);
			runOnlyForDeploymentPostprocessing = 0;
		};
/* End PBXResourcesBuildPhase section */

/* Begin PBXSourcesBuildPhase section */
		668A2D9322C3A77D00E9540F /* Sources */ = {
			isa = PBXSourcesBuildPhase;
			buildActionMask = 2147483647;
			files = (
				668A2D9D22C3A77D00E9540F /* ViewController.swift in Sources */,
				668A2D9B22C3A77D00E9540F /* AppDelegate.swift in Sources */,
				668A2DA322C3A77D00E9540F /* ExerciceIOS.xcdatamodeld in Sources */,
			);
			runOnlyForDeploymentPostprocessing = 0;
		};
		668A2DAA22C3A77E00E9540F /* Sources */ = {
			isa = PBXSourcesBuildPhase;
			buildActionMask = 2147483647;
			files = (
				668A2DB322C3A77E00E9540F /* ExerciceIOSTests.swift in Sources */,
			);
			runOnlyForDeploymentPostprocessing = 0;
		};
		668A2DB522C3A77E00E9540F /* Sources */ = {
			isa = PBXSourcesBuildPhase;
			buildActionMask = 2147483647;
			files = (
				668A2DBE22C3A77E00E9540F /* ExerciceIOSUITests.swift in Sources */,
			);
			runOnlyForDeploymentPostprocessing = 0;
		};
/* End PBXSourcesBuildPhase section */

/* Begin PBXTargetDependency section */
		668A2DB022C3A77E00E9540F /* PBXTargetDependency */ = {
			isa = PBXTargetDependency;
			target = 668A2D9622C3A77D00E9540F /* ExerciceIOS */;
			targetProxy = 668A2DAF22C3A77E00E9540F /* PBXContainerItemProxy */;
		};
		668A2DBB22C3A77E00E9540F /* PBXTargetDependency */ = {
			isa = PBXTargetDependency;
			target = 668A2D9622C3A77D00E9540F /* ExerciceIOS */;
			targetProxy = 668A2DBA22C3A77E00E9540F /* PBXContainerItemProxy */;
		};
/* End PBXTargetDependency section */

/* Begin PBXVariantGroup section */
		668A2D9E22C3A77D00E9540F /* Main.storyboard */ = {
			isa = PBXVariantGroup;
			children = (
				668A2D9F22C3A77D00E9540F /* Base */,
			);
			name = Main.storyboard;
			sourceTree = "<group>";
		};
		668A2DA622C3A77E00E9540F /* LaunchScreen.storyboard */ = {
			isa = PBXVariantGroup;
			children = (
				668A2DA722C3A77E00E9540F /* Base */,
			);
			name = LaunchScreen.storyboard;
			sourceTree = "<group>";
		};
/* End PBXVariantGroup section */

/* Begin XCBuildConfiguration section */
		668A2DC022C3A77E00E9540F /* Debug */ = {
			isa = XCBuildConfiguration;
			buildSettings = {
				ALWAYS_SEARCH_USER_PATHS = NO;
				CLANG_ANALYZER_NONNULL = YES;
				CLANG_ANALYZER_NUMBER_OBJECT_CONVERSION = YES_AGGRESSIVE;
				CLANG_CXX_LANGUAGE_STANDARD = "gnu++14";
				CLANG_CXX_LIBRARY = "libc++";
				CLANG_ENABLE_MODULES = YES;
				CLANG_ENABLE_OBJC_ARC = YES;
				CLANG_ENABLE_OBJC_WEAK = YES;
				CLANG_WARN_BLOCK_CAPTURE_AUTORELEASING = YES;
				CLANG_WARN_BOOL_CONVERSION = YES;
				CLANG_WARN_COMMA = YES;
				CLANG_WARN_CONSTANT_CONVERSION = YES;
				CLANG_WARN_DEPRECATED_OBJC_IMPLEMENTATIONS = YES;
				CLANG_WARN_DIRECT_OBJC_ISA_USAGE = YES_ERROR;
				CLANG_WARN_DOCUMENTATION_COMMENTS = YES;
				CLANG_WARN_EMPTY_BODY = YES;
				CLANG_WARN_ENUM_CONVERSION = YES;
				CLANG_WARN_INFINITE_RECURSION = YES;
				CLANG_WARN_INT_CONVERSION = YES;
				CLANG_WARN_NON_LITERAL_NULL_CONVERSION = YES;
				CLANG_WARN_OBJC_IMPLICIT_RETAIN_SELF = YES;
				CLANG_WARN_OBJC_LITERAL_CONVERSION = YES;
				CLANG_WARN_OBJC_ROOT_CLASS = YES_ERROR;
				CLANG_WARN_RANGE_LOOP_ANALYSIS = YES;
				CLANG_WARN_STRICT_PROTOTYPES = YES;
				CLANG_WARN_SUSPICIOUS_MOVE = YES;
				CLANG_WARN_UNGUARDED_AVAILABILITY = YES_AGGRESSIVE;
				CLANG_WARN_UNREACHABLE_CODE = YES;
				CLANG_WARN__DUPLICATE_METHOD_MATCH = YES;
				CODE_SIGN_IDENTITY = "iPhone Developer";
				COPY_PHASE_STRIP = NO;
				DEBUG_INFORMATION_FORMAT = dwarf;
				ENABLE_STRICT_OBJC_MSGSEND = YES;
				ENABLE_TESTABILITY = YES;
				GCC_C_LANGUAGE_STANDARD = gnu11;
				GCC_DYNAMIC_NO_PIC = NO;
				GCC_NO_COMMON_BLOCKS = YES;
				GCC_OPTIMIZATION_LEVEL = 0;
				GCC_PREPROCESSOR_DEFINITIONS = (
					"DEBUG=1",
					"$(inherited)",
				);
				GCC_WARN_64_TO_32_BIT_CONVERSION = YES;
				GCC_WARN_ABOUT_RETURN_TYPE = YES_ERROR;
				GCC_WARN_UNDECLARED_SELECTOR = YES;
				GCC_WARN_UNINITIALIZED_AUTOS = YES_AGGRESSIVE;
				GCC_WARN_UNUSED_FUNCTION = YES;
				GCC_WARN_UNUSED_VARIABLE = YES;
				IPHONEOS_DEPLOYMENT_TARGET = 12.2;
				MTL_ENABLE_DEBUG_INFO = INCLUDE_SOURCE;
				MTL_FAST_MATH = YES;
				ONLY_ACTIVE_ARCH = YES;
				SDKROOT = iphoneos;
				SWIFT_ACTIVE_COMPILATION_CONDITIONS = DEBUG;
				SWIFT_OPTIMIZATION_LEVEL = "-Onone";
			};
			name = Debug;
		};
		668A2DC122C3A77E00E9540F /* Release */ = {
			isa = XCBuildConfiguration;
			buildSettings = {
				ALWAYS_SEARCH_USER_PATHS = NO;
				CLANG_ANALYZER_NONNULL = YES;
				CLANG_ANALYZER_NUMBER_OBJECT_CONVERSION = YES_AGGRESSIVE;
				CLANG_CXX_LANGUAGE_STANDARD = "gnu++14";
				CLANG_CXX_LIBRARY = "libc++";
				CLANG_ENABLE_MODULES = YES;
				CLANG_ENABLE_OBJC_ARC = YES;
				CLANG_ENABLE_OBJC_WEAK = YES;
				CLANG_WARN_BLOCK_CAPTURE_AUTORELEASING = YES;
				CLANG_WARN_BOOL_CONVERSION = YES;
				CLANG_WARN_COMMA = YES;
				CLANG_WARN_CONSTANT_CONVERSION = YES;
				CLANG_WARN_DEPRECATED_OBJC_IMPLEMENTATIONS = YES;
				CLANG_WARN_DIRECT_OBJC_ISA_USAGE = YES_ERROR;
				CLANG_WARN_DOCUMENTATION_COMMENTS = YES;
				CLANG_WARN_EMPTY_BODY = YES;
				CLANG_WARN_ENUM_CONVERSION = YES;
				CLANG_WARN_INFINITE_RECURSION = YES;
				CLANG_WARN_INT_CONVERSION = YES;
				CLANG_WARN_NON_LITERAL_NULL_CONVERSION = YES;
				CLANG_WARN_OBJC_IMPLICIT_RETAIN_SELF = YES;
				CLANG_WARN_OBJC_LITERAL_CONVERSION = YES;
				CLANG_WARN_OBJC_ROOT_CLASS = YES_ERROR;
				CLANG_WARN_RANGE_LOOP_ANALYSIS = YES;
				CLANG_WARN_STRICT_PROTOTYPES = YES;
				CLANG_WARN_SUSPICIOUS_MOVE = YES;
				CLANG_WARN_UNGUARDED_AVAILABILITY = YES_AGGRESSIVE;
				CLANG_WARN_UNREACHABLE_CODE = YES;
				CLANG_WARN__DUPLICATE_METHOD_MATCH = YES;
				CODE_SIGN_IDENTITY = "iPhone Developer";
				COPY_PHASE_STRIP = NO;
				DEBUG_INFORMATION_FORMAT = "dwarf-with-dsym";
				ENABLE_NS_ASSERTIONS = NO;
				ENABLE_STRICT_OBJC_MSGSEND = YES;
				GCC_C_LANGUAGE_STANDARD = gnu11;
				GCC_NO_COMMON_BLOCKS = YES;
				GCC_WARN_64_TO_32_BIT_CONVERSION = YES;
				GCC_WARN_ABOUT_RETURN_TYPE = YES_ERROR;
				GCC_WARN_UNDECLARED_SELECTOR = YES;
				GCC_WARN_UNINITIALIZED_AUTOS = YES_AGGRESSIVE;
				GCC_WARN_UNUSED_FUNCTION = YES;
				GCC_WARN_UNUSED_VARIABLE = YES;
				IPHONEOS_DEPLOYMENT_TARGET = 12.2;
				MTL_ENABLE_DEBUG_INFO = NO;
				MTL_FAST_MATH = YES;
				SDKROOT = iphoneos;
				SWIFT_COMPILATION_MODE = wholemodule;
				SWIFT_OPTIMIZATION_LEVEL = "-O";
				VALIDATE_PRODUCT = YES;
			};
			name = Release;
		};
		668A2DC322C3A77E00E9540F /* Debug */ = {
			isa = XCBuildConfiguration;
			buildSettings = {
				ASSETCATALOG_COMPILER_APPICON_NAME = AppIcon;
				CODE_SIGN_STYLE = Automatic;
				DEVELOPMENT_TEAM = NZJY5AH6W9;
				INFOPLIST_FILE = ExerciceIOS/Info.plist;
				LD_RUNPATH_SEARCH_PATHS = (
					"$(inherited)",
					"@executable_path/Frameworks",
				);
				PRODUCT_BUNDLE_IDENTIFIER = com.lyes.ExerciceIOS;
				PRODUCT_NAME = "$(TARGET_NAME)";
				SWIFT_VERSION = 5.0;
				TARGETED_DEVICE_FAMILY = "1,2";
			};
			name = Debug;
		};
		668A2DC422C3A77E00E9540F /* Release */ = {
			isa = XCBuildConfiguration;
			buildSettings = {
				ASSETCATALOG_COMPILER_APPICON_NAME = AppIcon;
				CODE_SIGN_STYLE = Automatic;
				DEVELOPMENT_TEAM = NZJY5AH6W9;
				INFOPLIST_FILE = ExerciceIOS/Info.plist;
				LD_RUNPATH_SEARCH_PATHS = (
					"$(inherited)",
					"@executable_path/Frameworks",
				);
				PRODUCT_BUNDLE_IDENTIFIER = com.lyes.ExerciceIOS;
				PRODUCT_NAME = "$(TARGET_NAME)";
				SWIFT_VERSION = 5.0;
				TARGETED_DEVICE_FAMILY = "1,2";
			};
			name = Release;
		};
		668A2DC622C3A77E00E9540F /* Debug */ = {
			isa = XCBuildConfiguration;
			buildSettings = {
				ALWAYS_EMBED_SWIFT_STANDARD_LIBRARIES = YES;
				BUNDLE_LOADER = "$(TEST_HOST)";
				CODE_SIGN_STYLE = Automatic;
				DEVELOPMENT_TEAM = NZJY5AH6W9;
				INFOPLIST_FILE = ExerciceIOSTests/Info.plist;
				LD_RUNPATH_SEARCH_PATHS = (
					"$(inherited)",
					"@executable_path/Frameworks",
					"@loader_path/Frameworks",
				);
				PRODUCT_BUNDLE_IDENTIFIER = com.lyes.ExerciceIOSTests;
				PRODUCT_NAME = "$(TARGET_NAME)";
				SWIFT_VERSION = 5.0;
				TARGETED_DEVICE_FAMILY = "1,2";
				TEST_HOST = "$(BUILT_PRODUCTS_DIR)/ExerciceIOS.app/ExerciceIOS";
			};
			name = Debug;
		};
		668A2DC722C3A77E00E9540F /* Release */ = {
			isa = XCBuildConfiguration;
			buildSettings = {
				ALWAYS_EMBED_SWIFT_STANDARD_LIBRARIES = YES;
				BUNDLE_LOADER = "$(TEST_HOST)";
				CODE_SIGN_STYLE = Automatic;
				DEVELOPMENT_TEAM = NZJY5AH6W9;
				INFOPLIST_FILE = ExerciceIOSTests/Info.plist;
				LD_RUNPATH_SEARCH_PATHS = (
					"$(inherited)",
					"@executable_path/Frameworks",
					"@loader_path/Frameworks",
				);
				PRODUCT_BUNDLE_IDENTIFIER = com.lyes.ExerciceIOSTests;
				PRODUCT_NAME = "$(TARGET_NAME)";
				SWIFT_VERSION = 5.0;
				TARGETED_DEVICE_FAMILY = "1,2";
				TEST_HOST = "$(BUILT_PRODUCTS_DIR)/ExerciceIOS.app/ExerciceIOS";
			};
			name = Release;
		};
		668A2DC922C3A77E00E9540F /* Debug */ = {
			isa = XCBuildConfiguration;
			buildSettings = {
				ALWAYS_EMBED_SWIFT_STANDARD_LIBRARIES = YES;
				CODE_SIGN_STYLE = Automatic;
				DEVELOPMENT_TEAM = NZJY5AH6W9;
				INFOPLIST_FILE = ExerciceIOSUITests/Info.plist;
				LD_RUNPATH_SEARCH_PATHS = (
					"$(inherited)",
					"@executable_path/Frameworks",
					"@loader_path/Frameworks",
				);
				PRODUCT_BUNDLE_IDENTIFIER = com.lyes.ExerciceIOSUITests;
				PRODUCT_NAME = "$(TARGET_NAME)";
				SWIFT_VERSION = 5.0;
				TARGETED_DEVICE_FAMILY = "1,2";
				TEST_TARGET_NAME = ExerciceIOS;
			};
			name = Debug;
		};
		668A2DCA22C3A77E00E9540F /* Release */ = {
			isa = XCBuildConfiguration;
			buildSettings = {
				ALWAYS_EMBED_SWIFT_STANDARD_LIBRARIES = YES;
				CODE_SIGN_STYLE = Automatic;
				DEVELOPMENT_TEAM = NZJY5AH6W9;
				INFOPLIST_FILE = ExerciceIOSUITests/Info.plist;
				LD_RUNPATH_SEARCH_PATHS = (
					"$(inherited)",
					"@executable_path/Frameworks",
					"@loader_path/Frameworks",
				);
				PRODUCT_BUNDLE_IDENTIFIER = com.lyes.ExerciceIOSUITests;
				PRODUCT_NAME = "$(TARGET_NAME)";
				SWIFT_VERSION = 5.0;
				TARGETED_DEVICE_FAMILY = "1,2";
				TEST_TARGET_NAME = ExerciceIOS;
			};
			name = Release;
		};
/* End XCBuildConfiguration section */

/* Begin XCConfigurationList section */
		668A2D9222C3A77D00E9540F /* Build configuration list for PBXProject "ExerciceIOS" */ = {
			isa = XCConfigurationList;
			buildConfigurations = (
				668A2DC022C3A77E00E9540F /* Debug */,
				668A2DC122C3A77E00E9540F /* Release */,
			);
			defaultConfigurationIsVisible = 0;
			defaultConfigurationName = Release;
		};
		668A2DC222C3A77E00E9540F /* Build configuration list for PBXNativeTarget "ExerciceIOS" */ = {
			isa = XCConfigurationList;
			buildConfigurations = (
				668A2DC322C3A77E00E9540F /* Debug */,
				668A2DC422C3A77E00E9540F /* Release */,
			);
			defaultConfigurationIsVisible = 0;
			defaultConfigurationName = Release;
		};
		668A2DC522C3A77E00E9540F /* Build configuration list for PBXNativeTarget "ExerciceIOSTests" */ = {
			isa = XCConfigurationList;
			buildConfigurations = (
				668A2DC622C3A77E00E9540F /* Debug */,
				668A2DC722C3A77E00E9540F /* Release */,
			);
			defaultConfigurationIsVisible = 0;
			defaultConfigurationName = Release;
		};
		668A2DC822C3A77E00E9540F /* Build configuration list for PBXNativeTarget "ExerciceIOSUITests" */ = {
			isa = XCConfigurationList;
			buildConfigurations = (
				668A2DC922C3A77E00E9540F /* Debug */,
				668A2DCA22C3A77E00E9540F /* Release */,
			);
			defaultConfigurationIsVisible = 0;
			defaultConfigurationName = Release;
		};
/* End XCConfigurationList section */

/* Begin XCVersionGroup section */
		668A2DA122C3A77D00E9540F /* ExerciceIOS.xcdatamodeld */ = {
			isa = XCVersionGroup;
			children = (
				668A2DA222C3A77D00E9540F /* ExerciceIOS.xcdatamodel */,
			);
			currentVersion = 668A2DA222C3A77D00E9540F /* ExerciceIOS.xcdatamodel */;
			path = ExerciceIOS.xcdatamodeld;
			sourceTree = "<group>";
			versionGroupType = wrapper.xcdatamodel;
		};
/* End XCVersionGroup section */
	};
	rootObject = 668A2D8F22C3A77D00E9540F /* Project object */;
}
