// !$*UTF8*$!
{
	archiveVersion = 1;
	classes = {
	};
	objectVersion = 50;
	objects = {

/* Begin PBXBuildFile section */
		668A2D9B22C3A77D00E9540F /* AppDelegate.swift in Sources */ = {isa = PBXBuildFile; fileRef = 668A2D9A22C3A77D00E9540F /* AppDelegate.swift */; };
		668A2DA522C3A77E00E9540F /* Assets.xcassets in Resources */ = {isa = PBXBuildFile; fileRef = 668A2DA422C3A77E00E9540F /* Assets.xcassets */; };
		668A2DA822C3A77E00E9540F /* LaunchScreen.storyboard in Resources */ = {isa = PBXBuildFile; fileRef = 668A2DA622C3A77E00E9540F /* LaunchScreen.storyboard */; };
		668A2DB322C3A77E00E9540F /* ExerciceIOSTests.swift in Sources */ = {isa = PBXBuildFile; fileRef = 668A2DB222C3A77E00E9540F /* ExerciceIOSTests.swift */; };
		668A2DBE22C3A77E00E9540F /* ExerciceIOSUITests.swift in Sources */ = {isa = PBXBuildFile; fileRef = 668A2DBD22C3A77E00E9540F /* ExerciceIOSUITests.swift */; };
		668A2DD422C3A91500E9540F /* Group.swift in Sources */ = {isa = PBXBuildFile; fileRef = 668A2DD322C3A91500E9540F /* Group.swift */; };
		668A2DD622C3A9AA00E9540F /* Category.swift in Sources */ = {isa = PBXBuildFile; fileRef = 668A2DD522C3A9AA00E9540F /* Category.swift */; };
		668A2DD822C3AB8E00E9540F /* Achievement.swift in Sources */ = {isa = PBXBuildFile; fileRef = 668A2DD722C3AB8E00E9540F /* Achievement.swift */; };
		668A2DDA22C3BAEE00E9540F /* GuildWars2API.swift in Sources */ = {isa = PBXBuildFile; fileRef = 668A2DD922C3BAEE00E9540F /* GuildWars2API.swift */; };
		668A2DDC22C3BB5100E9540F /* WBGroup.swift in Sources */ = {isa = PBXBuildFile; fileRef = 668A2DDB22C3BB5100E9540F /* WBGroup.swift */; };
		668A2DDE22C3D1A000E9540F /* CategoriesViewController.xib in Resources */ = {isa = PBXBuildFile; fileRef = 668A2DDD22C3D1A000E9540F /* CategoriesViewController.xib */; };
		668A2DE022C3D1B400E9540F /* CategoriesViewController.swift in Sources */ = {isa = PBXBuildFile; fileRef = 668A2DDF22C3D1B400E9540F /* CategoriesViewController.swift */; };
		668A2DE322C3D87A00E9540F /* CustomHomeTableViewCell.xib in Resources */ = {isa = PBXBuildFile; fileRef = 668A2DE222C3D87A00E9540F /* CustomHomeTableViewCell.xib */; };
		668A2DE622C3D92F00E9540F /* CustomHomeTableViewCell.swift in Sources */ = {isa = PBXBuildFile; fileRef = 668A2DE522C3D92F00E9540F /* CustomHomeTableViewCell.swift */; };
		668A2DE822C3DFBA00E9540F /* HomeViewController.swift in Sources */ = {isa = PBXBuildFile; fileRef = 668A2DE722C3DFBA00E9540F /* HomeViewController.swift */; };
		668A2DEA22C3E09900E9540F /* HomeViewController.xib in Resources */ = {isa = PBXBuildFile; fileRef = 668A2DE922C3E09900E9540F /* HomeViewController.xib */; };
		668A2DED22C3F05200E9540F /* WBCategory.swift in Sources */ = {isa = PBXBuildFile; fileRef = 668A2DEC22C3F05200E9540F /* WBCategory.swift */; };
		668A2DF122C3F0DF00E9540F /* CustomCategoriesTableViewCell.xib in Resources */ = {isa = PBXBuildFile; fileRef = 668A2DF022C3F0DF00E9540F /* CustomCategoriesTableViewCell.xib */; };
		668A2DF322C3F0F600E9540F /* CustomCategoriesTableViewCell.swift in Sources */ = {isa = PBXBuildFile; fileRef = 668A2DF222C3F0F600E9540F /* CustomCategoriesTableViewCell.swift */; };
		66989DCC22C41336004CF113 /* UtilImageView.swift in Sources */ = {isa = PBXBuildFile; fileRef = 66989DCB22C41336004CF113 /* UtilImageView.swift */; };
		66989DD022C41D1B004CF113 /* AchievementsViewController.xib in Resources */ = {isa = PBXBuildFile; fileRef = 66989DCF22C41D1B004CF113 /* AchievementsViewController.xib */; };
		66989DD222C41D30004CF113 /* AchievementsViewController.swift in Sources */ = {isa = PBXBuildFile; fileRef = 66989DD122C41D30004CF113 /* AchievementsViewController.swift */; };
		66989DD822C42017004CF113 /* WBAchievement.swift in Sources */ = {isa = PBXBuildFile; fileRef = 66989DD722C42017004CF113 /* WBAchievement.swift */; };
		66989DDA22C4238E004CF113 /* CustomAchievementsTableCell.swift in Sources */ = {isa = PBXBuildFile; fileRef = 66989DD922C4238E004CF113 /* CustomAchievementsTableCell.swift */; };
		66989DDC22C423E1004CF113 /* CustomAchievementsTableCell.xib in Resources */ = {isa = PBXBuildFile; fileRef = 66989DDB22C423E1004CF113 /* CustomAchievementsTableCell.xib */; };
		66989DE022C428F5004CF113 /* AchievementViewController.xib in Resources */ = {isa = PBXBuildFile; fileRef = 66989DDF22C428F5004CF113 /* AchievementViewController.xib */; };
		66989DE222C42904004CF113 /* AchievementViewController.swift in Sources */ = {isa = PBXBuildFile; fileRef = 66989DE122C42904004CF113 /* AchievementViewController.swift */; };
/* End PBXBuildFile section */

/* Begin PBXContainerItemProxy section */
		668A2DAF22C3A77E00E9540F /* PBXContainerItemProxy */ = {
			isa = PBXContainerItemProxy;
			containerPortal = 668A2D8F22C3A77D00E9540F /* Project object */;
			proxyType = 1;
			remoteGlobalIDString = 668A2D9622C3A77D00E9540F;
			remoteInfo = ExerciceIOS;
		};
		668A2DBA22C3A77E00E9540F /* PBXContainerItemProxy */ = {
			isa = PBXContainerItemProxy;
			containerPortal = 668A2D8F22C3A77D00E9540F /* Project object */;
			proxyType = 1;
			remoteGlobalIDString = 668A2D9622C3A77D00E9540F;
			remoteInfo = ExerciceIOS;
		};
/* End PBXContainerItemProxy section */

/* Begin PBXFileReference section */
		668A2D9722C3A77D00E9540F /* ExerciceIOS.app */ = {isa = PBXFileReference; explicitFileType = wrapper.application; includeInIndex = 0; path = ExerciceIOS.app; sourceTree = BUILT_PRODUCTS_DIR; };
		668A2D9A22C3A77D00E9540F /* AppDelegate.swift */ = {isa = PBXFileReference; lastKnownFileType = sourcecode.swift; path = AppDelegate.swift; sourceTree = "<group>"; };
		668A2DA422C3A77E00E9540F /* Assets.xcassets */ = {isa = PBXFileReference; lastKnownFileType = folder.assetcatalog; path = Assets.xcassets; sourceTree = "<group>"; };
		668A2DA722C3A77E00E9540F /* Base */ = {isa = PBXFileReference; lastKnownFileType = file.storyboard; name = Base; path = Base.lproj/LaunchScreen.storyboard; sourceTree = "<group>"; };
		668A2DA922C3A77E00E9540F /* Info.plist */ = {isa = PBXFileReference; lastKnownFileType = text.plist.xml; path = Info.plist; sourceTree = "<group>"; };
		668A2DAE22C3A77E00E9540F /* ExerciceIOSTests.xctest */ = {isa = PBXFileReference; explicitFileType = wrapper.cfbundle; includeInIndex = 0; path = ExerciceIOSTests.xctest; sourceTree = BUILT_PRODUCTS_DIR; };
		668A2DB222C3A77E00E9540F /* ExerciceIOSTests.swift */ = {isa = PBXFileReference; lastKnownFileType = sourcecode.swift; path = ExerciceIOSTests.swift; sourceTree = "<group>"; };
		668A2DB422C3A77E00E9540F /* Info.plist */ = {isa = PBXFileReference; lastKnownFileType = text.plist.xml; path = Info.plist; sourceTree = "<group>"; };
		668A2DB922C3A77E00E9540F /* ExerciceIOSUITests.xctest */ = {isa = PBXFileReference; explicitFileType = wrapper.cfbundle; includeInIndex = 0; path = ExerciceIOSUITests.xctest; sourceTree = BUILT_PRODUCTS_DIR; };
		668A2DBD22C3A77E00E9540F /* ExerciceIOSUITests.swift */ = {isa = PBXFileReference; lastKnownFileType = sourcecode.swift; path = ExerciceIOSUITests.swift; sourceTree = "<group>"; };
		668A2DBF22C3A77E00E9540F /* Info.plist */ = {isa = PBXFileReference; lastKnownFileType = text.plist.xml; path = Info.plist; sourceTree = "<group>"; };
		668A2DD322C3A91500E9540F /* Group.swift */ = {isa = PBXFileReference; lastKnownFileType = sourcecode.swift; path = Group.swift; sourceTree = "<group>"; };
		668A2DD522C3A9AA00E9540F /* Category.swift */ = {isa = PBXFileReference; lastKnownFileType = sourcecode.swift; path = Category.swift; sourceTree = "<group>"; };
		668A2DD722C3AB8E00E9540F /* Achievement.swift */ = {isa = PBXFileReference; lastKnownFileType = sourcecode.swift; path = Achievement.swift; sourceTree = "<group>"; };
		668A2DD922C3BAEE00E9540F /* GuildWars2API.swift */ = {isa = PBXFileReference; lastKnownFileType = sourcecode.swift; path = GuildWars2API.swift; sourceTree = "<group>"; };
		668A2DDB22C3BB5100E9540F /* WBGroup.swift */ = {isa = PBXFileReference; lastKnownFileType = sourcecode.swift; path = WBGroup.swift; sourceTree = "<group>"; };
		668A2DDD22C3D1A000E9540F /* CategoriesViewController.xib */ = {isa = PBXFileReference; lastKnownFileType = file.xib; path = CategoriesViewController.xib; sourceTree = "<group>"; };
		668A2DDF22C3D1B400E9540F /* CategoriesViewController.swift */ = {isa = PBXFileReference; lastKnownFileType = sourcecode.swift; path = CategoriesViewController.swift; sourceTree = "<group>"; };
		668A2DE222C3D87A00E9540F /* CustomHomeTableViewCell.xib */ = {isa = PBXFileReference; lastKnownFileType = file.xib; path = CustomHomeTableViewCell.xib; sourceTree = "<group>"; };
		668A2DE522C3D92F00E9540F /* CustomHomeTableViewCell.swift */ = {isa = PBXFileReference; lastKnownFileType = sourcecode.swift; path = CustomHomeTableViewCell.swift; sourceTree = "<group>"; };
		668A2DE722C3DFBA00E9540F /* HomeViewController.swift */ = {isa = PBXFileReference; lastKnownFileType = sourcecode.swift; path = HomeViewController.swift; sourceTree = "<group>"; };
		668A2DE922C3E09900E9540F /* HomeViewController.xib */ = {isa = PBXFileReference; lastKnownFileType = file.xib; path = HomeViewController.xib; sourceTree = "<group>"; };
		668A2DEC22C3F05200E9540F /* WBCategory.swift */ = {isa = PBXFileReference; lastKnownFileType = sourcecode.swift; path = WBCategory.swift; sourceTree = "<group>"; };
		668A2DF022C3F0DF00E9540F /* CustomCategoriesTableViewCell.xib */ = {isa = PBXFileReference; lastKnownFileType = file.xib; path = CustomCategoriesTableViewCell.xib; sourceTree = "<group>"; };
		668A2DF222C3F0F600E9540F /* CustomCategoriesTableViewCell.swift */ = {isa = PBXFileReference; lastKnownFileType = sourcecode.swift; path = CustomCategoriesTableViewCell.swift; sourceTree = "<group>"; };
		66989DCB22C41336004CF113 /* UtilImageView.swift */ = {isa = PBXFileReference; lastKnownFileType = sourcecode.swift; path = UtilImageView.swift; sourceTree = "<group>"; };
		66989DCF22C41D1B004CF113 /* AchievementsViewController.xib */ = {isa = PBXFileReference; lastKnownFileType = file.xib; path = AchievementsViewController.xib; sourceTree = "<group>"; };
		66989DD122C41D30004CF113 /* AchievementsViewController.swift */ = {isa = PBXFileReference; lastKnownFileType = sourcecode.swift; path = AchievementsViewController.swift; sourceTree = "<group>"; };
		66989DD722C42017004CF113 /* WBAchievement.swift */ = {isa = PBXFileReference; lastKnownFileType = sourcecode.swift; path = WBAchievement.swift; sourceTree = "<group>"; };
		66989DD922C4238E004CF113 /* CustomAchievementsTableCell.swift */ = {isa = PBXFileReference; lastKnownFileType = sourcecode.swift; path = CustomAchievementsTableCell.swift; sourceTree = "<group>"; };
		66989DDB22C423E1004CF113 /* CustomAchievementsTableCell.xib */ = {isa = PBXFileReference; lastKnownFileType = file.xib; path = CustomAchievementsTableCell.xib; sourceTree = "<group>"; };
		66989DDF22C428F5004CF113 /* AchievementViewController.xib */ = {isa = PBXFileReference; lastKnownFileType = file.xib; path = AchievementViewController.xib; sourceTree = "<group>"; };
		66989DE122C42904004CF113 /* AchievementViewController.swift */ = {isa = PBXFileReference; lastKnownFileType = sourcecode.swift; path = AchievementViewController.swift; sourceTree = "<group>"; };
/* End PBXFileReference section */

/* Begin PBXFrameworksBuildPhase section */
		668A2D9422C3A77D00E9540F /* Frameworks */ = {
			isa = PBXFrameworksBuildPhase;
			buildActionMask = 2147483647;
			files = (
			);
			runOnlyForDeploymentPostprocessing = 0;
		};
		668A2DAB22C3A77E00E9540F /* Frameworks */ = {
			isa = PBXFrameworksBuildPhase;
			buildActionMask = 2147483647;
			files = (
			);
			runOnlyForDeploymentPostprocessing = 0;
		};
		668A2DB622C3A77E00E9540F /* Frameworks */ = {
			isa = PBXFrameworksBuildPhase;
			buildActionMask = 2147483647;
			files = (
			);
			runOnlyForDeploymentPostprocessing = 0;
		};
/* End PBXFrameworksBuildPhase section */

/* Begin PBXGroup section */
		668A2D8E22C3A77D00E9540F = {
			isa = PBXGroup;
			children = (
				668A2D9922C3A77D00E9540F /* ExerciceIOS */,
				668A2DB122C3A77E00E9540F /* ExerciceIOSTests */,
				668A2DBC22C3A77E00E9540F /* ExerciceIOSUITests */,
				668A2D9822C3A77D00E9540F /* Products */,
			);
			sourceTree = "<group>";
		};
		668A2D9822C3A77D00E9540F /* Products */ = {
			isa = PBXGroup;
			children = (
				668A2D9722C3A77D00E9540F /* ExerciceIOS.app */,
				668A2DAE22C3A77E00E9540F /* ExerciceIOSTests.xctest */,
				668A2DB922C3A77E00E9540F /* ExerciceIOSUITests.xctest */,
			);
			name = Products;
			sourceTree = "<group>";
		};
		668A2D9922C3A77D00E9540F /* ExerciceIOS */ = {
			isa = PBXGroup;
			children = (
				668A2DEE22C3F06F00E9540F /* Utils */,
				668A2DCE22C3A82700E9540F /* WebService */,
				668A2DCD22C3A82300E9540F /* Controller */,
				668A2DCC22C3A81F00E9540F /* View */,
				668A2DCB22C3A81900E9540F /* Model */,
				668A2D9A22C3A77D00E9540F /* AppDelegate.swift */,
				668A2DA422C3A77E00E9540F /* Assets.xcassets */,
				668A2DA622C3A77E00E9540F /* LaunchScreen.storyboard */,
				668A2DA922C3A77E00E9540F /* Info.plist */,
			);
			path = ExerciceIOS;
			sourceTree = "<group>";
		};
		668A2DB122C3A77E00E9540F /* ExerciceIOSTests */ = {
			isa = PBXGroup;
			children = (
				668A2DB222C3A77E00E9540F /* ExerciceIOSTests.swift */,
				668A2DB422C3A77E00E9540F /* Info.plist */,
			);
			path = ExerciceIOSTests;
			sourceTree = "<group>";
		};
		668A2DBC22C3A77E00E9540F /* ExerciceIOSUITests */ = {
			isa = PBXGroup;
			children = (
				668A2DBD22C3A77E00E9540F /* ExerciceIOSUITests.swift */,
				668A2DBF22C3A77E00E9540F /* Info.plist */,
			);
			path = ExerciceIOSUITests;
			sourceTree = "<group>";
		};
		668A2DCB22C3A81900E9540F /* Model */ = {
			isa = PBXGroup;
			children = (
				668A2DD322C3A91500E9540F /* Group.swift */,
				668A2DD522C3A9AA00E9540F /* Category.swift */,
				668A2DD722C3AB8E00E9540F /* Achievement.swift */,
				668A2DD922C3BAEE00E9540F /* GuildWars2API.swift */,
			);
			path = Model;
			sourceTree = "<group>";
		};
		668A2DCC22C3A81F00E9540F /* View */ = {
			isa = PBXGroup;
			children = (
				66989DDE22C428BA004CF113 /* AchivementView */,
				66989DCD22C41CEF004CF113 /* AchievementsView */,
				668A2DE422C3D88300E9540F /* HomeView */,
				668A2DEF22C3F0B900E9540F /* CategoryView */,
			);
			path = View;
			sourceTree = "<group>";
		};
		668A2DCD22C3A82300E9540F /* Controller */ = {
			isa = PBXGroup;
			children = (
				66989DDD22C428B2004CF113 /* AchivementView */,
				66989DCE22C41CFC004CF113 /* AchievementsView */,
				668A2DE122C3D45800E9540F /* HomeView */,
				668A2DEB22C3EFF500E9540F /* CategoriesView */,
			);
			path = Controller;
			sourceTree = "<group>";
		};
		668A2DCE22C3A82700E9540F /* WebService */ = {
			isa = PBXGroup;
			children = (
				668A2DDB22C3BB5100E9540F /* WBGroup.swift */,
				668A2DEC22C3F05200E9540F /* WBCategory.swift */,
				66989DD722C42017004CF113 /* WBAchievement.swift */,
			);
			path = WebService;
			sourceTree = "<group>";
		};
		668A2DE122C3D45800E9540F /* HomeView */ = {
			isa = PBXGroup;
			children = (
				668A2DE522C3D92F00E9540F /* CustomHomeTableViewCell.swift */,
				668A2DE722C3DFBA00E9540F /* HomeViewController.swift */,
			);
			path = HomeView;
			sourceTree = "<group>";
		};
		668A2DE422C3D88300E9540F /* HomeView */ = {
			isa = PBXGroup;
			children = (
				668A2DE922C3E09900E9540F /* HomeViewController.xib */,
				668A2DE222C3D87A00E9540F /* CustomHomeTableViewCell.xib */,
			);
			path = HomeView;
			sourceTree = "<group>";
		};
		668A2DEB22C3EFF500E9540F /* CategoriesView */ = {
			isa = PBXGroup;
			children = (
				668A2DDF22C3D1B400E9540F /* CategoriesViewController.swift */,
				668A2DF222C3F0F600E9540F /* CustomCategoriesTableViewCell.swift */,
			);
			path = CategoriesView;
			sourceTree = "<group>";
		};
		668A2DEE22C3F06F00E9540F /* Utils */ = {
			isa = PBXGroup;
			children = (
				66989DCB22C41336004CF113 /* UtilImageView.swift */,
			);
			path = Utils;
			sourceTree = "<group>";
		};
		668A2DEF22C3F0B900E9540F /* CategoryView */ = {
			isa = PBXGroup;
			children = (
				668A2DDD22C3D1A000E9540F /* CategoriesViewController.xib */,
				668A2DF022C3F0DF00E9540F /* CustomCategoriesTableViewCell.xib */,
			);
			path = CategoryView;
			sourceTree = "<group>";
		};
		66989DCD22C41CEF004CF113 /* AchievementsView */ = {
			isa = PBXGroup;
			children = (
				66989DCF22C41D1B004CF113 /* AchievementsViewController.xib */,
				66989DDB22C423E1004CF113 /* CustomAchievementsTableCell.xib */,
			);
			path = AchievementsView;
			sourceTree = "<group>";
		};
		66989DCE22C41CFC004CF113 /* AchievementsView */ = {
			isa = PBXGroup;
			children = (
				66989DD122C41D30004CF113 /* AchievementsViewController.swift */,
				66989DD922C4238E004CF113 /* CustomAchievementsTableCell.swift */,
			);
			path = AchievementsView;
			sourceTree = "<group>";
		};
		66989DDD22C428B2004CF113 /* AchivementView */ = {
			isa = PBXGroup;
			children = (
				66989DE122C42904004CF113 /* AchievementViewController.swift */,
			);
			path = AchivementView;
			sourceTree = "<group>";
		};
		66989DDE22C428BA004CF113 /* AchivementView */ = {
			isa = PBXGroup;
			children = (
				66989DDF22C428F5004CF113 /* AchievementViewController.xib */,
			);
			path = AchivementView;
			sourceTree = "<group>";
		};
/* End PBXGroup section */

/* Begin PBXNativeTarget section */
		668A2D9622C3A77D00E9540F /* ExerciceIOS */ = {
			isa = PBXNativeTarget;
			buildConfigurationList = 668A2DC222C3A77E00E9540F /* Build configuration list for PBXNativeTarget "ExerciceIOS" */;
			buildPhases = (
				668A2D9322C3A77D00E9540F /* Sources */,
				668A2D9422C3A77D00E9540F /* Frameworks */,
				668A2D9522C3A77D00E9540F /* Resources */,
			);
			buildRules = (
			);
			dependencies = (
			);
			name = ExerciceIOS;
			productName = ExerciceIOS;
			productReference = 668A2D9722C3A77D00E9540F /* ExerciceIOS.app */;
			productType = "com.apple.product-type.application";
		};
		668A2DAD22C3A77E00E9540F /* ExerciceIOSTests */ = {
			isa = PBXNativeTarget;
			buildConfigurationList = 668A2DC522C3A77E00E9540F /* Build configuration list for PBXNativeTarget "ExerciceIOSTests" */;
			buildPhases = (
				668A2DAA22C3A77E00E9540F /* Sources */,
				668A2DAB22C3A77E00E9540F /* Frameworks */,
				668A2DAC22C3A77E00E9540F /* Resources */,
			);
			buildRules = (
			);
			dependencies = (
				668A2DB022C3A77E00E9540F /* PBXTargetDependency */,
			);
			name = ExerciceIOSTests;
			productName = ExerciceIOSTests;
			productReference = 668A2DAE22C3A77E00E9540F /* ExerciceIOSTests.xctest */;
			productType = "com.apple.product-type.bundle.unit-test";
		};
		668A2DB822C3A77E00E9540F /* ExerciceIOSUITests */ = {
			isa = PBXNativeTarget;
			buildConfigurationList = 668A2DC822C3A77E00E9540F /* Build configuration list for PBXNativeTarget "ExerciceIOSUITests" */;
			buildPhases = (
				668A2DB522C3A77E00E9540F /* Sources */,
				668A2DB622C3A77E00E9540F /* Frameworks */,
				668A2DB722C3A77E00E9540F /* Resources */,
			);
			buildRules = (
			);
			dependencies = (
				668A2DBB22C3A77E00E9540F /* PBXTargetDependency */,
			);
			name = ExerciceIOSUITests;
			productName = ExerciceIOSUITests;
			productReference = 668A2DB922C3A77E00E9540F /* ExerciceIOSUITests.xctest */;
			productType = "com.apple.product-type.bundle.ui-testing";
		};
/* End PBXNativeTarget section */

/* Begin PBXProject section */
		668A2D8F22C3A77D00E9540F /* Project object */ = {
			isa = PBXProject;
			attributes = {
				LastSwiftUpdateCheck = 1020;
				LastUpgradeCheck = 1020;
				ORGANIZATIONNAME = "Lyes ATEK";
				TargetAttributes = {
					668A2D9622C3A77D00E9540F = {
						CreatedOnToolsVersion = 10.2.1;
					};
					668A2DAD22C3A77E00E9540F = {
						CreatedOnToolsVersion = 10.2.1;
						TestTargetID = 668A2D9622C3A77D00E9540F;
					};
					668A2DB822C3A77E00E9540F = {
						CreatedOnToolsVersion = 10.2.1;
						TestTargetID = 668A2D9622C3A77D00E9540F;
					};
				};
			};
			buildConfigurationList = 668A2D9222C3A77D00E9540F /* Build configuration list for PBXProject "ExerciceIOS" */;
			compatibilityVersion = "Xcode 9.3";
			developmentRegion = en;
			hasScannedForEncodings = 0;
			knownRegions = (
				en,
				Base,
			);
			mainGroup = 668A2D8E22C3A77D00E9540F;
			productRefGroup = 668A2D9822C3A77D00E9540F /* Products */;
			projectDirPath = "";
			projectRoot = "";
			targets = (
				668A2D9622C3A77D00E9540F /* ExerciceIOS */,
				668A2DAD22C3A77E00E9540F /* ExerciceIOSTests */,
				668A2DB822C3A77E00E9540F /* ExerciceIOSUITests */,
			);
		};
/* End PBXProject section */

/* Begin PBXResourcesBuildPhase section */
		668A2D9522C3A77D00E9540F /* Resources */ = {
			isa = PBXResourcesBuildPhase;
			buildActionMask = 2147483647;
			files = (
				668A2DA822C3A77E00E9540F /* LaunchScreen.storyboard in Resources */,
				668A2DA522C3A77E00E9540F /* Assets.xcassets in Resources */,
				66989DE022C428F5004CF113 /* AchievementViewController.xib in Resources */,
				66989DDC22C423E1004CF113 /* CustomAchievementsTableCell.xib in Resources */,
				66989DD022C41D1B004CF113 /* AchievementsViewController.xib in Resources */,
				668A2DF122C3F0DF00E9540F /* CustomCategoriesTableViewCell.xib in Resources */,
				668A2DEA22C3E09900E9540F /* HomeViewController.xib in Resources */,
				668A2DE322C3D87A00E9540F /* CustomHomeTableViewCell.xib in Resources */,
				668A2DDE22C3D1A000E9540F /* CategoriesViewController.xib in Resources */,
			);
			runOnlyForDeploymentPostprocessing = 0;
		};
		668A2DAC22C3A77E00E9540F /* Resources */ = {
			isa = PBXResourcesBuildPhase;
			buildActionMask = 2147483647;
			files = (
			);
			runOnlyForDeploymentPostprocessing = 0;
		};
		668A2DB722C3A77E00E9540F /* Resources */ = {
			isa = PBXResourcesBuildPhase;
			buildActionMask = 2147483647;
			files = (
			);
			runOnlyForDeploymentPostprocessing = 0;
		};
/* End PBXResourcesBuildPhase section */

/* Begin PBXSourcesBuildPhase section */
		668A2D9322C3A77D00E9540F /* Sources */ = {
			isa = PBXSourcesBuildPhase;
			buildActionMask = 2147483647;
			files = (
				668A2D9B22C3A77D00E9540F /* AppDelegate.swift in Sources */,
				668A2DD622C3A9AA00E9540F /* Category.swift in Sources */,
				668A2DE022C3D1B400E9540F /* CategoriesViewController.swift in Sources */,
				66989DD822C42017004CF113 /* WBAchievement.swift in Sources */,
				668A2DDA22C3BAEE00E9540F /* GuildWars2API.swift in Sources */,
				66989DE222C42904004CF113 /* AchievementViewController.swift in Sources */,
				668A2DE822C3DFBA00E9540F /* HomeViewController.swift in Sources */,
				668A2DF322C3F0F600E9540F /* CustomCategoriesTableViewCell.swift in Sources */,
				668A2DED22C3F05200E9540F /* WBCategory.swift in Sources */,
				668A2DD422C3A91500E9540F /* Group.swift in Sources */,
				668A2DDC22C3BB5100E9540F /* WBGroup.swift in Sources */,
				668A2DD822C3AB8E00E9540F /* Achievement.swift in Sources */,
				66989DCC22C41336004CF113 /* UtilImageView.swift in Sources */,
				66989DDA22C4238E004CF113 /* CustomAchievementsTableCell.swift in Sources */,
				66989DD222C41D30004CF113 /* AchievementsViewController.swift in Sources */,
				668A2DE622C3D92F00E9540F /* CustomHomeTableViewCell.swift in Sources */,
			);
			runOnlyForDeploymentPostprocessing = 0;
		};
		668A2DAA22C3A77E00E9540F /* Sources */ = {
			isa = PBXSourcesBuildPhase;
			buildActionMask = 2147483647;
			files = (
				668A2DB322C3A77E00E9540F /* ExerciceIOSTests.swift in Sources */,
			);
			runOnlyForDeploymentPostprocessing = 0;
		};
		668A2DB522C3A77E00E9540F /* Sources */ = {
			isa = PBXSourcesBuildPhase;
			buildActionMask = 2147483647;
			files = (
				668A2DBE22C3A77E00E9540F /* ExerciceIOSUITests.swift in Sources */,
			);
			runOnlyForDeploymentPostprocessing = 0;
		};
/* End PBXSourcesBuildPhase section */

/* Begin PBXTargetDependency section */
		668A2DB022C3A77E00E9540F /* PBXTargetDependency */ = {
			isa = PBXTargetDependency;
			target = 668A2D9622C3A77D00E9540F /* ExerciceIOS */;
			targetProxy = 668A2DAF22C3A77E00E9540F /* PBXContainerItemProxy */;
		};
		668A2DBB22C3A77E00E9540F /* PBXTargetDependency */ = {
			isa = PBXTargetDependency;
			target = 668A2D9622C3A77D00E9540F /* ExerciceIOS */;
			targetProxy = 668A2DBA22C3A77E00E9540F /* PBXContainerItemProxy */;
		};
/* End PBXTargetDependency section */

/* Begin PBXVariantGroup section */
		668A2DA622C3A77E00E9540F /* LaunchScreen.storyboard */ = {
			isa = PBXVariantGroup;
			children = (
				668A2DA722C3A77E00E9540F /* Base */,
			);
			name = LaunchScreen.storyboard;
			sourceTree = "<group>";
		};
/* End PBXVariantGroup section */

/* Begin XCBuildConfiguration section */
		668A2DC022C3A77E00E9540F /* Debug */ = {
			isa = XCBuildConfiguration;
			buildSettings = {
				ALWAYS_SEARCH_USER_PATHS = NO;
				CLANG_ANALYZER_NONNULL = YES;
				CLANG_ANALYZER_NUMBER_OBJECT_CONVERSION = YES_AGGRESSIVE;
				CLANG_CXX_LANGUAGE_STANDARD = "gnu++14";
				CLANG_CXX_LIBRARY = "libc++";
				CLANG_ENABLE_MODULES = YES;
				CLANG_ENABLE_OBJC_ARC = YES;
				CLANG_ENABLE_OBJC_WEAK = YES;
				CLANG_WARN_BLOCK_CAPTURE_AUTORELEASING = YES;
				CLANG_WARN_BOOL_CONVERSION = YES;
				CLANG_WARN_COMMA = YES;
				CLANG_WARN_CONSTANT_CONVERSION = YES;
				CLANG_WARN_DEPRECATED_OBJC_IMPLEMENTATIONS = YES;
				CLANG_WARN_DIRECT_OBJC_ISA_USAGE = YES_ERROR;
				CLANG_WARN_DOCUMENTATION_COMMENTS = YES;
				CLANG_WARN_EMPTY_BODY = YES;
				CLANG_WARN_ENUM_CONVERSION = YES;
				CLANG_WARN_INFINITE_RECURSION = YES;
				CLANG_WARN_INT_CONVERSION = YES;
				CLANG_WARN_NON_LITERAL_NULL_CONVERSION = YES;
				CLANG_WARN_OBJC_IMPLICIT_RETAIN_SELF = YES;
				CLANG_WARN_OBJC_LITERAL_CONVERSION = YES;
				CLANG_WARN_OBJC_ROOT_CLASS = YES_ERROR;
				CLANG_WARN_RANGE_LOOP_ANALYSIS = YES;
				CLANG_WARN_STRICT_PROTOTYPES = YES;
				CLANG_WARN_SUSPICIOUS_MOVE = YES;
				CLANG_WARN_UNGUARDED_AVAILABILITY = YES_AGGRESSIVE;
				CLANG_WARN_UNREACHABLE_CODE = YES;
				CLANG_WARN__DUPLICATE_METHOD_MATCH = YES;
				CODE_SIGN_IDENTITY = "iPhone Developer";
				COPY_PHASE_STRIP = NO;
				DEBUG_INFORMATION_FORMAT = dwarf;
				ENABLE_STRICT_OBJC_MSGSEND = YES;
				ENABLE_TESTABILITY = YES;
				GCC_C_LANGUAGE_STANDARD = gnu11;
				GCC_DYNAMIC_NO_PIC = NO;
				GCC_NO_COMMON_BLOCKS = YES;
				GCC_OPTIMIZATION_LEVEL = 0;
				GCC_PREPROCESSOR_DEFINITIONS = (
					"DEBUG=1",
					"$(inherited)",
				);
				GCC_WARN_64_TO_32_BIT_CONVERSION = YES;
				GCC_WARN_ABOUT_RETURN_TYPE = YES_ERROR;
				GCC_WARN_UNDECLARED_SELECTOR = YES;
				GCC_WARN_UNINITIALIZED_AUTOS = YES_AGGRESSIVE;
				GCC_WARN_UNUSED_FUNCTION = YES;
				GCC_WARN_UNUSED_VARIABLE = YES;
				IPHONEOS_DEPLOYMENT_TARGET = 12.2;
				MTL_ENABLE_DEBUG_INFO = INCLUDE_SOURCE;
				MTL_FAST_MATH = YES;
				ONLY_ACTIVE_ARCH = YES;
				SDKROOT = iphoneos;
				SWIFT_ACTIVE_COMPILATION_CONDITIONS = DEBUG;
				SWIFT_OPTIMIZATION_LEVEL = "-Onone";
			};
			name = Debug;
		};
		668A2DC122C3A77E00E9540F /* Release */ = {
			isa = XCBuildConfiguration;
			buildSettings = {
				ALWAYS_SEARCH_USER_PATHS = NO;
				CLANG_ANALYZER_NONNULL = YES;
				CLANG_ANALYZER_NUMBER_OBJECT_CONVERSION = YES_AGGRESSIVE;
				CLANG_CXX_LANGUAGE_STANDARD = "gnu++14";
				CLANG_CXX_LIBRARY = "libc++";
				CLANG_ENABLE_MODULES = YES;
				CLANG_ENABLE_OBJC_ARC = YES;
				CLANG_ENABLE_OBJC_WEAK = YES;
				CLANG_WARN_BLOCK_CAPTURE_AUTORELEASING = YES;
				CLANG_WARN_BOOL_CONVERSION = YES;
				CLANG_WARN_COMMA = YES;
				CLANG_WARN_CONSTANT_CONVERSION = YES;
				CLANG_WARN_DEPRECATED_OBJC_IMPLEMENTATIONS = YES;
				CLANG_WARN_DIRECT_OBJC_ISA_USAGE = YES_ERROR;
				CLANG_WARN_DOCUMENTATION_COMMENTS = YES;
				CLANG_WARN_EMPTY_BODY = YES;
				CLANG_WARN_ENUM_CONVERSION = YES;
				CLANG_WARN_INFINITE_RECURSION = YES;
				CLANG_WARN_INT_CONVERSION = YES;
				CLANG_WARN_NON_LITERAL_NULL_CONVERSION = YES;
				CLANG_WARN_OBJC_IMPLICIT_RETAIN_SELF = YES;
				CLANG_WARN_OBJC_LITERAL_CONVERSION = YES;
				CLANG_WARN_OBJC_ROOT_CLASS = YES_ERROR;
				CLANG_WARN_RANGE_LOOP_ANALYSIS = YES;
				CLANG_WARN_STRICT_PROTOTYPES = YES;
				CLANG_WARN_SUSPICIOUS_MOVE = YES;
				CLANG_WARN_UNGUARDED_AVAILABILITY = YES_AGGRESSIVE;
				CLANG_WARN_UNREACHABLE_CODE = YES;
				CLANG_WARN__DUPLICATE_METHOD_MATCH = YES;
				CODE_SIGN_IDENTITY = "iPhone Developer";
				COPY_PHASE_STRIP = NO;
				DEBUG_INFORMATION_FORMAT = "dwarf-with-dsym";
				ENABLE_NS_ASSERTIONS = NO;
				ENABLE_STRICT_OBJC_MSGSEND = YES;
				GCC_C_LANGUAGE_STANDARD = gnu11;
				GCC_NO_COMMON_BLOCKS = YES;
				GCC_WARN_64_TO_32_BIT_CONVERSION = YES;
				GCC_WARN_ABOUT_RETURN_TYPE = YES_ERROR;
				GCC_WARN_UNDECLARED_SELECTOR = YES;
				GCC_WARN_UNINITIALIZED_AUTOS = YES_AGGRESSIVE;
				GCC_WARN_UNUSED_FUNCTION = YES;
				GCC_WARN_UNUSED_VARIABLE = YES;
				IPHONEOS_DEPLOYMENT_TARGET = 12.2;
				MTL_ENABLE_DEBUG_INFO = NO;
				MTL_FAST_MATH = YES;
				SDKROOT = iphoneos;
				SWIFT_COMPILATION_MODE = wholemodule;
				SWIFT_OPTIMIZATION_LEVEL = "-O";
				VALIDATE_PRODUCT = YES;
			};
			name = Release;
		};
		668A2DC322C3A77E00E9540F /* Debug */ = {
			isa = XCBuildConfiguration;
			buildSettings = {
				ASSETCATALOG_COMPILER_APPICON_NAME = AppIcon;
				CODE_SIGN_STYLE = Automatic;
				DEVELOPMENT_TEAM = NZJY5AH6W9;
				INFOPLIST_FILE = ExerciceIOS/Info.plist;
				LD_RUNPATH_SEARCH_PATHS = (
					"$(inherited)",
					"@executable_path/Frameworks",
				);
				PRODUCT_BUNDLE_IDENTIFIER = com.lyes.ExerciceIOS;
				PRODUCT_NAME = "$(TARGET_NAME)";
				SWIFT_VERSION = 5.0;
				TARGETED_DEVICE_FAMILY = "1,2";
			};
			name = Debug;
		};
		668A2DC422C3A77E00E9540F /* Release */ = {
			isa = XCBuildConfiguration;
			buildSettings = {
				ASSETCATALOG_COMPILER_APPICON_NAME = AppIcon;
				CODE_SIGN_STYLE = Automatic;
				DEVELOPMENT_TEAM = NZJY5AH6W9;
				INFOPLIST_FILE = ExerciceIOS/Info.plist;
				LD_RUNPATH_SEARCH_PATHS = (
					"$(inherited)",
					"@executable_path/Frameworks",
				);
				PRODUCT_BUNDLE_IDENTIFIER = com.lyes.ExerciceIOS;
				PRODUCT_NAME = "$(TARGET_NAME)";
				SWIFT_VERSION = 5.0;
				TARGETED_DEVICE_FAMILY = "1,2";
			};
			name = Release;
		};
		668A2DC622C3A77E00E9540F /* Debug */ = {
			isa = XCBuildConfiguration;
			buildSettings = {
				ALWAYS_EMBED_SWIFT_STANDARD_LIBRARIES = YES;
				BUNDLE_LOADER = "$(TEST_HOST)";
				CODE_SIGN_STYLE = Automatic;
				DEVELOPMENT_TEAM = NZJY5AH6W9;
				INFOPLIST_FILE = ExerciceIOSTests/Info.plist;
				LD_RUNPATH_SEARCH_PATHS = (
					"$(inherited)",
					"@executable_path/Frameworks",
					"@loader_path/Frameworks",
				);
				PRODUCT_BUNDLE_IDENTIFIER = com.lyes.ExerciceIOSTests;
				PRODUCT_NAME = "$(TARGET_NAME)";
				SWIFT_VERSION = 5.0;
				TARGETED_DEVICE_FAMILY = "1,2";
				TEST_HOST = "$(BUILT_PRODUCTS_DIR)/ExerciceIOS.app/ExerciceIOS";
			};
			name = Debug;
		};
		668A2DC722C3A77E00E9540F /* Release */ = {
			isa = XCBuildConfiguration;
			buildSettings = {
				ALWAYS_EMBED_SWIFT_STANDARD_LIBRARIES = YES;
				BUNDLE_LOADER = "$(TEST_HOST)";
				CODE_SIGN_STYLE = Automatic;
				DEVELOPMENT_TEAM = NZJY5AH6W9;
				INFOPLIST_FILE = ExerciceIOSTests/Info.plist;
				LD_RUNPATH_SEARCH_PATHS = (
					"$(inherited)",
					"@executable_path/Frameworks",
					"@loader_path/Frameworks",
				);
				PRODUCT_BUNDLE_IDENTIFIER = com.lyes.ExerciceIOSTests;
				PRODUCT_NAME = "$(TARGET_NAME)";
				SWIFT_VERSION = 5.0;
				TARGETED_DEVICE_FAMILY = "1,2";
				TEST_HOST = "$(BUILT_PRODUCTS_DIR)/ExerciceIOS.app/ExerciceIOS";
			};
			name = Release;
		};
		668A2DC922C3A77E00E9540F /* Debug */ = {
			isa = XCBuildConfiguration;
			buildSettings = {
				ALWAYS_EMBED_SWIFT_STANDARD_LIBRARIES = YES;
				CODE_SIGN_STYLE = Automatic;
				DEVELOPMENT_TEAM = NZJY5AH6W9;
				INFOPLIST_FILE = ExerciceIOSUITests/Info.plist;
				LD_RUNPATH_SEARCH_PATHS = (
					"$(inherited)",
					"@executable_path/Frameworks",
					"@loader_path/Frameworks",
				);
				PRODUCT_BUNDLE_IDENTIFIER = com.lyes.ExerciceIOSUITests;
				PRODUCT_NAME = "$(TARGET_NAME)";
				SWIFT_VERSION = 5.0;
				TARGETED_DEVICE_FAMILY = "1,2";
				TEST_TARGET_NAME = ExerciceIOS;
			};
			name = Debug;
		};
		668A2DCA22C3A77E00E9540F /* Release */ = {
			isa = XCBuildConfiguration;
			buildSettings = {
				ALWAYS_EMBED_SWIFT_STANDARD_LIBRARIES = YES;
				CODE_SIGN_STYLE = Automatic;
				DEVELOPMENT_TEAM = NZJY5AH6W9;
				INFOPLIST_FILE = ExerciceIOSUITests/Info.plist;
				LD_RUNPATH_SEARCH_PATHS = (
					"$(inherited)",
					"@executable_path/Frameworks",
					"@loader_path/Frameworks",
				);
				PRODUCT_BUNDLE_IDENTIFIER = com.lyes.ExerciceIOSUITests;
				PRODUCT_NAME = "$(TARGET_NAME)";
				SWIFT_VERSION = 5.0;
				TARGETED_DEVICE_FAMILY = "1,2";
				TEST_TARGET_NAME = ExerciceIOS;
			};
			name = Release;
		};
/* End XCBuildConfiguration section */

/* Begin XCConfigurationList section */
		668A2D9222C3A77D00E9540F /* Build configuration list for PBXProject "ExerciceIOS" */ = {
			isa = XCConfigurationList;
			buildConfigurations = (
				668A2DC022C3A77E00E9540F /* Debug */,
				668A2DC122C3A77E00E9540F /* Release */,
			);
			defaultConfigurationIsVisible = 0;
			defaultConfigurationName = Release;
		};
		668A2DC222C3A77E00E9540F /* Build configuration list for PBXNativeTarget "ExerciceIOS" */ = {
			isa = XCConfigurationList;
			buildConfigurations = (
				668A2DC322C3A77E00E9540F /* Debug */,
				668A2DC422C3A77E00E9540F /* Release */,
			);
			defaultConfigurationIsVisible = 0;
			defaultConfigurationName = Release;
		};
		668A2DC522C3A77E00E9540F /* Build configuration list for PBXNativeTarget "ExerciceIOSTests" */ = {
			isa = XCConfigurationList;
			buildConfigurations = (
				668A2DC622C3A77E00E9540F /* Debug */,
				668A2DC722C3A77E00E9540F /* Release */,
			);
			defaultConfigurationIsVisible = 0;
			defaultConfigurationName = Release;
		};
		668A2DC822C3A77E00E9540F /* Build configuration list for PBXNativeTarget "ExerciceIOSUITests" */ = {
			isa = XCConfigurationList;
			buildConfigurations = (
				668A2DC922C3A77E00E9540F /* Debug */,
				668A2DCA22C3A77E00E9540F /* Release */,
			);
			defaultConfigurationIsVisible = 0;
			defaultConfigurationName = Release;
		};
/* End XCConfigurationList section */
	};
	rootObject = 668A2D8F22C3A77D00E9540F /* Project object */;
}
